{
  "version": 4,
  "terraform_version": "1.4.6",
  "serial": 50,
  "lineage": "09c51076-f502-da6d-54d7-9710659a434e",
  "outputs": {},
  "resources": [
    {
      "mode": "data",
      "type": "aws_security_group",
      "name": "existing",
      "provider": "provider[\"registry.terraform.io/hashicorp/aws\"]",
      "instances": [
        {
          "schema_version": 0,
          "attributes": {
            "arn": "arn:aws:ec2:us-east-2:982389650543:security-group/sg-0b3839637442b4e60",
            "description": "Allows connection between postgesql and applications",
            "filter": null,
            "id": "sg-0b3839637442b4e60",
            "name": "postgresql-database-security-group",
            "tags": {
              "Name": "postgresql-database-security-group"
            },
            "timeouts": null,
            "vpc_id": "vpc-0732278a8a2df210a"
          },
          "sensitive_attributes": []
        }
      ]
    },
    {
      "mode": "data",
      "type": "aws_subnet",
      "name": "db_private_subnets",
      "provider": "provider[\"registry.terraform.io/hashicorp/aws\"]",
      "instances": [
        {
          "index_key": 0,
          "schema_version": 0,
          "attributes": {
            "arn": "arn:aws:ec2:us-east-2:982389650543:subnet/subnet-07737a76485f2c8d3",
            "assign_ipv6_address_on_creation": false,
            "availability_zone": "us-east-2a",
            "availability_zone_id": "use2-az1",
            "available_ip_address_count": 251,
            "cidr_block": "10.0.4.0/24",
            "customer_owned_ipv4_pool": "",
            "default_for_az": false,
            "enable_dns64": false,
            "enable_lni_at_device_index": 0,
            "enable_resource_name_dns_a_record_on_launch": false,
            "enable_resource_name_dns_aaaa_record_on_launch": false,
            "filter": [
              {
                "name": "tag:Name",
                "values": [
                  "db-private-subnet-1"
                ]
              }
            ],
            "id": "subnet-07737a76485f2c8d3",
            "ipv6_cidr_block": "",
            "ipv6_cidr_block_association_id": "",
            "ipv6_native": false,
            "map_customer_owned_ip_on_launch": false,
            "map_public_ip_on_launch": false,
            "outpost_arn": "",
            "owner_id": "982389650543",
            "private_dns_hostname_type_on_launch": "ip-name",
            "state": "available",
            "tags": {
              "Name": "db-private-subnet-1"
            },
            "timeouts": null,
            "vpc_id": "vpc-0732278a8a2df210a"
          },
          "sensitive_attributes": []
        },
        {
          "index_key": 1,
          "schema_version": 0,
          "attributes": {
            "arn": "arn:aws:ec2:us-east-2:982389650543:subnet/subnet-08bef8e232f437ebc",
            "assign_ipv6_address_on_creation": false,
            "availability_zone": "us-east-2b",
            "availability_zone_id": "use2-az2",
            "available_ip_address_count": 251,
            "cidr_block": "10.0.5.0/24",
            "customer_owned_ipv4_pool": "",
            "default_for_az": false,
            "enable_dns64": false,
            "enable_lni_at_device_index": 0,
            "enable_resource_name_dns_a_record_on_launch": false,
            "enable_resource_name_dns_aaaa_record_on_launch": false,
            "filter": [
              {
                "name": "tag:Name",
                "values": [
                  "db-private-subnet-2"
                ]
              }
            ],
            "id": "subnet-08bef8e232f437ebc",
            "ipv6_cidr_block": "",
            "ipv6_cidr_block_association_id": "",
            "ipv6_native": false,
            "map_customer_owned_ip_on_launch": false,
            "map_public_ip_on_launch": false,
            "outpost_arn": "",
            "owner_id": "982389650543",
            "private_dns_hostname_type_on_launch": "ip-name",
            "state": "available",
            "tags": {
              "Name": "db-private-subnet-2"
            },
            "timeouts": null,
            "vpc_id": "vpc-0732278a8a2df210a"
          },
          "sensitive_attributes": []
        },
        {
          "index_key": 2,
          "schema_version": 0,
          "attributes": {
            "arn": "arn:aws:ec2:us-east-2:982389650543:subnet/subnet-0bb073a3b30bf3f43",
            "assign_ipv6_address_on_creation": false,
            "availability_zone": "us-east-2c",
            "availability_zone_id": "use2-az3",
            "available_ip_address_count": 251,
            "cidr_block": "10.0.6.0/24",
            "customer_owned_ipv4_pool": "",
            "default_for_az": false,
            "enable_dns64": false,
            "enable_lni_at_device_index": 0,
            "enable_resource_name_dns_a_record_on_launch": false,
            "enable_resource_name_dns_aaaa_record_on_launch": false,
            "filter": [
              {
                "name": "tag:Name",
                "values": [
                  "db-private-subnet-3"
                ]
              }
            ],
            "id": "subnet-0bb073a3b30bf3f43",
            "ipv6_cidr_block": "",
            "ipv6_cidr_block_association_id": "",
            "ipv6_native": false,
            "map_customer_owned_ip_on_launch": false,
            "map_public_ip_on_launch": false,
            "outpost_arn": "",
            "owner_id": "982389650543",
            "private_dns_hostname_type_on_launch": "ip-name",
            "state": "available",
            "tags": {
              "Name": "db-private-subnet-3"
            },
            "timeouts": null,
            "vpc_id": "vpc-0732278a8a2df210a"
          },
          "sensitive_attributes": []
        }
      ]
    },
    {
      "mode": "managed",
      "type": "aws_db_subnet_group",
      "name": "postgresql_subnet_group",
      "provider": "provider[\"registry.terraform.io/hashicorp/aws\"]",
      "instances": [
        {
          "schema_version": 0,
          "attributes": {
            "arn": "arn:aws:rds:us-east-2:982389650543:subgrp:postgresql-subnet-group",
            "description": "Managed by Terraform",
            "id": "postgresql-subnet-group",
            "name": "postgresql-subnet-group",
            "name_prefix": "",
            "subnet_ids": [
              "subnet-07737a76485f2c8d3",
              "subnet-08bef8e232f437ebc",
              "subnet-0bb073a3b30bf3f43"
            ],
            "supported_network_types": [
              "IPV4"
            ],
            "tags": {
              "Name": "postgresql-subnet-group"
            },
            "tags_all": {
              "Name": "postgresql-subnet-group"
            },
            "vpc_id": "vpc-0732278a8a2df210a"
          },
          "sensitive_attributes": [],
          "private": "bnVsbA==",
          "dependencies": [
            "data.aws_subnet.db_private_subnets"
          ]
        }
      ]
    }
  ],
  "check_results": null
}
